{
  "originHash" : "adbae13c266d5f528744e52883029063503eccff6fd97bccbd814758794aa07e",
  "pins" : [
    {
      "identity" : "modernribs",
      "kind" : "remoteSourceControl",
      "location" : "https://github.com/DevYeom/ModernRIBs",
      "state" : {
        "revision" : "5e0a67365a1fb18ca06b919dbf53608843ddc284",
        "version" : "1.0.1"
      }
    }
  ],
  "version" : 3
}
